
Microsoft Visual Studio Solution File, Format Version 12.00
# Visual Studio Version 17
VisualStudioVersion = 17.13.35818.85 d17.13
MinimumVisualStudioVersion = 10.0.40219.1
Project("{FAE04EC0-301F-11D3-BF4B-00C04F79EFBC}") = "Event", "Event.csproj", "{D063C78E-0ACF-4692-BB2C-19585F841A72}"
EndProject
Global
	GlobalSection(SolutionConfigurationPlatforms) = preSolution
		Debug|Any CPU = Debug|Any CPU
		Release|Any CPU = Release|Any CPU
	EndGlobalSection
	GlobalSection(ProjectConfigurationPlatforms) = postSolution
		{D063C78E-0ACF-4692-BB2C-19585F841A72}.Debug|Any CPU.ActiveCfg = Debug|Any CPU
		{D063C78E-0ACF-4692-BB2C-19585F841A72}.Debug|Any CPU.Build.0 = Debug|Any CPU
		{D063C78E-0ACF-4692-BB2C-19585F841A72}.Release|Any CPU.ActiveCfg = Release|Any CPU
		{D063C78E-0ACF-4692-BB2C-19585F841A72}.Release|Any CPU.Build.0 = Release|Any CPU
	EndGlobalSection
	GlobalSection(SolutionProperties) = preSolution
		HideSolutionNode = FALSE
	EndGlobalSection
	GlobalSection(ExtensibilityGlobals) = postSolution
		SolutionGuid = {0026B043-C4F1-481D-99B8-6C5C51590531}
	EndGlobalSection
EndGlobal
