
Microsoft Visual Studio Solution File, Format Version 12.00
# Visual Studio Version 17
VisualStudioVersion = 17.13.35818.85 d17.13
MinimumVisualStudioVersion = 10.0.40219.1
Project("{FAE04EC0-301F-11D3-BF4B-00C04F79EFBC}") = "Examination system.", "..\Examination system\Examination system..csproj", "{29E72280-3D5D-4CFF-A6B0-50A77CE1C59B}"
EndProject
Global
	GlobalSection(SolutionConfigurationPlatforms) = preSolution
		Debug|Any CPU = Debug|Any CPU
		Release|Any CPU = Release|Any CPU
	EndGlobalSection
	GlobalSection(ProjectConfigurationPlatforms) = postSolution
		{29E72280-3D5D-4CFF-A6B0-50A77CE1C59B}.Debug|Any CPU.ActiveCfg = Debug|Any CPU
		{29E72280-3D5D-4CFF-A6B0-50A77CE1C59B}.Debug|Any CPU.Build.0 = Debug|Any CPU
		{29E72280-3D5D-4CFF-A6B0-50A77CE1C59B}.Release|Any CPU.ActiveCfg = Release|Any CPU
		{29E72280-3D5D-4CFF-A6B0-50A77CE1C59B}.Release|Any CPU.Build.0 = Release|Any CPU
	EndGlobalSection
	GlobalSection(SolutionProperties) = preSolution
		HideSolutionNode = FALSE
	EndGlobalSection
	GlobalSection(ExtensibilityGlobals) = postSolution
		SolutionGuid = {B6DA281F-EF58-41FE-9003-0EC74D262806}
	EndGlobalSection
EndGlobal
